
Microsoft Visual Studio Solution File, Format Version 12.00
# Visual Studio 2013
VisualStudioVersion = 12.0.31101.0
MinimumVisualStudioVersion = 10.0.40219.1
Project("{FAE04EC0-301F-11D3-BF4B-00C04F79EFBC}") = "Server", "Server\Server.csproj", "{02530A16-F730-4F75-877B-4D8AA250267D}"
	ProjectSection(ProjectDependencies) = postProject
		{20124274-4DCB-4F3C-8B5B-4D13C12DB3E6} = {20124274-4DCB-4F3C-8B5B-4D13C12DB3E6}
	EndProjectSection
EndProject
Project("{FAE04EC0-301F-11D3-BF4B-00C04F79EFBC}") = "Client", "Client\Client.csproj", "{E6A66326-DD8D-48C9-8CEF-96C6A3BE98F9}"
	ProjectSection(ProjectDependencies) = postProject
		{20124274-4DCB-4F3C-8B5B-4D13C12DB3E6} = {20124274-4DCB-4F3C-8B5B-4D13C12DB3E6}
	EndProjectSection
EndProject
Project("{FAE04EC0-301F-11D3-BF4B-00C04F79EFBC}") = "SharedResources", "SharedResources\SharedResources.csproj", "{20124274-4DCB-4F3C-8B5B-4D13C12DB3E6}"
EndProject
Global
	GlobalSection(SolutionConfigurationPlatforms) = preSolution
		Debug|Any CPU = Debug|Any CPU
		Debug|x86 = Debug|x86
		Release|Any CPU = Release|Any CPU
		Release|x86 = Release|x86
	EndGlobalSection
	GlobalSection(ProjectConfigurationPlatforms) = postSolution
		{02530A16-F730-4F75-877B-4D8AA250267D}.Debug|Any CPU.ActiveCfg = Debug|x86
		{02530A16-F730-4F75-877B-4D8AA250267D}.Debug|Any CPU.Build.0 = Debug|x86
		{02530A16-F730-4F75-877B-4D8AA250267D}.Debug|x86.ActiveCfg = Debug|x86
		{02530A16-F730-4F75-877B-4D8AA250267D}.Debug|x86.Build.0 = Debug|x86
		{02530A16-F730-4F75-877B-4D8AA250267D}.Release|Any CPU.ActiveCfg = Release|Any CPU
		{02530A16-F730-4F75-877B-4D8AA250267D}.Release|Any CPU.Build.0 = Release|Any CPU
		{02530A16-F730-4F75-877B-4D8AA250267D}.Release|x86.ActiveCfg = Release|x86
		{02530A16-F730-4F75-877B-4D8AA250267D}.Release|x86.Build.0 = Release|x86
		{E6A66326-DD8D-48C9-8CEF-96C6A3BE98F9}.Debug|Any CPU.ActiveCfg = Debug|Any CPU
		{E6A66326-DD8D-48C9-8CEF-96C6A3BE98F9}.Debug|Any CPU.Build.0 = Debug|Any CPU
		{E6A66326-DD8D-48C9-8CEF-96C6A3BE98F9}.Debug|x86.ActiveCfg = Debug|x86
		{E6A66326-DD8D-48C9-8CEF-96C6A3BE98F9}.Debug|x86.Build.0 = Debug|x86
		{E6A66326-DD8D-48C9-8CEF-96C6A3BE98F9}.Release|Any CPU.ActiveCfg = Release|Any CPU
		{E6A66326-DD8D-48C9-8CEF-96C6A3BE98F9}.Release|Any CPU.Build.0 = Release|Any CPU
		{E6A66326-DD8D-48C9-8CEF-96C6A3BE98F9}.Release|x86.ActiveCfg = Release|x86
		{E6A66326-DD8D-48C9-8CEF-96C6A3BE98F9}.Release|x86.Build.0 = Release|x86
		{20124274-4DCB-4F3C-8B5B-4D13C12DB3E6}.Debug|Any CPU.ActiveCfg = Debug|Any CPU
		{20124274-4DCB-4F3C-8B5B-4D13C12DB3E6}.Debug|Any CPU.Build.0 = Debug|Any CPU
		{20124274-4DCB-4F3C-8B5B-4D13C12DB3E6}.Debug|x86.ActiveCfg = Debug|Any CPU
		{20124274-4DCB-4F3C-8B5B-4D13C12DB3E6}.Debug|x86.Build.0 = Debug|Any CPU
		{20124274-4DCB-4F3C-8B5B-4D13C12DB3E6}.Release|Any CPU.ActiveCfg = Release|Any CPU
		{20124274-4DCB-4F3C-8B5B-4D13C12DB3E6}.Release|Any CPU.Build.0 = Release|Any CPU
		{20124274-4DCB-4F3C-8B5B-4D13C12DB3E6}.Release|x86.ActiveCfg = Release|Any CPU
		{20124274-4DCB-4F3C-8B5B-4D13C12DB3E6}.Release|x86.Build.0 = Release|Any CPU
	EndGlobalSection
	GlobalSection(SolutionProperties) = preSolution
		HideSolutionNode = FALSE
	EndGlobalSection
EndGlobal
