
Microsoft Visual Studio Solution File, Format Version 12.00
# Visual Studio 2013
VisualStudioVersion = 12.0.31101.0
MinimumVisualStudioVersion = 10.0.40219.1
Project("{FAE04EC0-301F-11D3-BF4B-00C04F79EFBC}") = "Server", "Server\Server.csproj", "{02530A16-F730-4F75-877B-4D8AA250267D}"
EndProject
Project("{FAE04EC0-301F-11D3-BF4B-00C04F79EFBC}") = "Client", "Client\Client.csproj", "{E6A66326-DD8D-48C9-8CEF-96C6A3BE98F9}"
EndProject
Global
	GlobalSection(SolutionConfigurationPlatforms) = preSolution
		Debug|Any CPU = Debug|Any CPU
		Release|Any CPU = Release|Any CPU
	EndGlobalSection
	GlobalSection(ProjectConfigurationPlatforms) = postSolution
		{02530A16-F730-4F75-877B-4D8AA250267D}.Debug|Any CPU.ActiveCfg = Debug|Any CPU
		{02530A16-F730-4F75-877B-4D8AA250267D}.Debug|Any CPU.Build.0 = Debug|Any CPU
		{02530A16-F730-4F75-877B-4D8AA250267D}.Release|Any CPU.ActiveCfg = Release|Any CPU
		{02530A16-F730-4F75-877B-4D8AA250267D}.Release|Any CPU.Build.0 = Release|Any CPU
		{E6A66326-DD8D-48C9-8CEF-96C6A3BE98F9}.Debug|Any CPU.ActiveCfg = Debug|Any CPU
		{E6A66326-DD8D-48C9-8CEF-96C6A3BE98F9}.Debug|Any CPU.Build.0 = Debug|Any CPU
		{E6A66326-DD8D-48C9-8CEF-96C6A3BE98F9}.Release|Any CPU.ActiveCfg = Release|Any CPU
		{E6A66326-DD8D-48C9-8CEF-96C6A3BE98F9}.Release|Any CPU.Build.0 = Release|Any CPU
	EndGlobalSection
	GlobalSection(SolutionProperties) = preSolution
		HideSolutionNode = FALSE
	EndGlobalSection
EndGlobal
